
Microsoft Visual Studio Solution File, Format Version 12.00
# Visual Studio Version 16
VisualStudioVersion = 25.0.1706.6
MinimumVisualStudioVersion = 10.0.40219.1
Project("{FAE04EC0-301F-11D3-BF4B-00C04F79EFBC}") = "P01", "P01\P01.csproj", "{EDB38575-7F80-4C08-9784-FC792B62C6A7}"
EndProject
Project("{FAE04EC0-301F-11D3-BF4B-00C04F79EFBC}") = "P02", "P02\P02.csproj", "{93C1B7DD-9839-4004-BBBE-4F6CFD55D58E}"
EndProject
Project("{FAE04EC0-301F-11D3-BF4B-00C04F79EFBC}") = "P04", "P04\P04.csproj", "{9CE964CC-A245-45D7-8FB1-012BB42C6E32}"
EndProject
Project("{FAE04EC0-301F-11D3-BF4B-00C04F79EFBC}") = "P03", "P03\P03.csproj", "{772D0514-DFD5-43E8-A631-223D2ADED0E2}"
EndProject
Project("{FAE04EC0-301F-11D3-BF4B-00C04F79EFBC}") = "P05", "p05\p05.csproj", "{DB4E2815-B8FA-49E9-AA00-73CB3736E709}"
EndProject
Project("{FAE04EC0-301F-11D3-BF4B-00C04F79EFBC}") = "P07", "P07\P07.csproj", "{1B43995F-6338-4D02-9EE7-3D21A12E4C4F}"
EndProject
Project("{FAE04EC0-301F-11D3-BF4B-00C04F79EFBC}") = "P08", "P08\P08.csproj", "{012ADF15-82D9-4629-BC31-3705AD21257C}"
EndProject
Project("{FAE04EC0-301F-11D3-BF4B-00C04F79EFBC}") = "P06", "P06\P06.csproj", "{72A94BBF-D71D-4AE8-B37A-1EB6B8FF011B}"
EndProject
Global
	GlobalSection(SolutionConfigurationPlatforms) = preSolution
		Debug|Any CPU = Debug|Any CPU
		Release|Any CPU = Release|Any CPU
	EndGlobalSection
	GlobalSection(ProjectConfigurationPlatforms) = postSolution
		{EDB38575-7F80-4C08-9784-FC792B62C6A7}.Debug|Any CPU.ActiveCfg = Debug|Any CPU
		{EDB38575-7F80-4C08-9784-FC792B62C6A7}.Debug|Any CPU.Build.0 = Debug|Any CPU
		{EDB38575-7F80-4C08-9784-FC792B62C6A7}.Release|Any CPU.ActiveCfg = Release|Any CPU
		{EDB38575-7F80-4C08-9784-FC792B62C6A7}.Release|Any CPU.Build.0 = Release|Any CPU
		{93C1B7DD-9839-4004-BBBE-4F6CFD55D58E}.Debug|Any CPU.ActiveCfg = Debug|Any CPU
		{93C1B7DD-9839-4004-BBBE-4F6CFD55D58E}.Debug|Any CPU.Build.0 = Debug|Any CPU
		{93C1B7DD-9839-4004-BBBE-4F6CFD55D58E}.Release|Any CPU.ActiveCfg = Release|Any CPU
		{93C1B7DD-9839-4004-BBBE-4F6CFD55D58E}.Release|Any CPU.Build.0 = Release|Any CPU
		{9CE964CC-A245-45D7-8FB1-012BB42C6E32}.Debug|Any CPU.ActiveCfg = Debug|Any CPU
		{9CE964CC-A245-45D7-8FB1-012BB42C6E32}.Debug|Any CPU.Build.0 = Debug|Any CPU
		{9CE964CC-A245-45D7-8FB1-012BB42C6E32}.Release|Any CPU.ActiveCfg = Release|Any CPU
		{9CE964CC-A245-45D7-8FB1-012BB42C6E32}.Release|Any CPU.Build.0 = Release|Any CPU
		{772D0514-DFD5-43E8-A631-223D2ADED0E2}.Debug|Any CPU.ActiveCfg = Debug|Any CPU
		{772D0514-DFD5-43E8-A631-223D2ADED0E2}.Debug|Any CPU.Build.0 = Debug|Any CPU
		{772D0514-DFD5-43E8-A631-223D2ADED0E2}.Release|Any CPU.ActiveCfg = Release|Any CPU
		{772D0514-DFD5-43E8-A631-223D2ADED0E2}.Release|Any CPU.Build.0 = Release|Any CPU
		{DB4E2815-B8FA-49E9-AA00-73CB3736E709}.Debug|Any CPU.ActiveCfg = Debug|Any CPU
		{DB4E2815-B8FA-49E9-AA00-73CB3736E709}.Debug|Any CPU.Build.0 = Debug|Any CPU
		{DB4E2815-B8FA-49E9-AA00-73CB3736E709}.Release|Any CPU.ActiveCfg = Release|Any CPU
		{DB4E2815-B8FA-49E9-AA00-73CB3736E709}.Release|Any CPU.Build.0 = Release|Any CPU
		{1B43995F-6338-4D02-9EE7-3D21A12E4C4F}.Debug|Any CPU.ActiveCfg = Debug|Any CPU
		{1B43995F-6338-4D02-9EE7-3D21A12E4C4F}.Debug|Any CPU.Build.0 = Debug|Any CPU
		{1B43995F-6338-4D02-9EE7-3D21A12E4C4F}.Release|Any CPU.ActiveCfg = Release|Any CPU
		{1B43995F-6338-4D02-9EE7-3D21A12E4C4F}.Release|Any CPU.Build.0 = Release|Any CPU
		{012ADF15-82D9-4629-BC31-3705AD21257C}.Debug|Any CPU.ActiveCfg = Debug|Any CPU
		{012ADF15-82D9-4629-BC31-3705AD21257C}.Debug|Any CPU.Build.0 = Debug|Any CPU
		{012ADF15-82D9-4629-BC31-3705AD21257C}.Release|Any CPU.ActiveCfg = Release|Any CPU
		{012ADF15-82D9-4629-BC31-3705AD21257C}.Release|Any CPU.Build.0 = Release|Any CPU
		{72A94BBF-D71D-4AE8-B37A-1EB6B8FF011B}.Debug|Any CPU.ActiveCfg = Debug|Any CPU
		{72A94BBF-D71D-4AE8-B37A-1EB6B8FF011B}.Debug|Any CPU.Build.0 = Debug|Any CPU
		{72A94BBF-D71D-4AE8-B37A-1EB6B8FF011B}.Release|Any CPU.ActiveCfg = Release|Any CPU
		{72A94BBF-D71D-4AE8-B37A-1EB6B8FF011B}.Release|Any CPU.Build.0 = Release|Any CPU
	EndGlobalSection
	GlobalSection(SolutionProperties) = preSolution
		HideSolutionNode = FALSE
	EndGlobalSection
	GlobalSection(ExtensibilityGlobals) = postSolution
		SolutionGuid = {43469C22-9908-40E6-8245-02183304F584}
	EndGlobalSection
EndGlobal
