
Microsoft Visual Studio Solution File, Format Version 12.00
# Visual Studio Version 16
VisualStudioVersion = 25.0.1706.6
MinimumVisualStudioVersion = 10.0.40219.1
Project("{FAE04EC0-301F-11D3-BF4B-00C04F79EFBC}") = "P01", "P01\P01.csproj", "{5129CEBC-B2D9-4038-BC54-92934D2A57A8}"
EndProject
Project("{FAE04EC0-301F-11D3-BF4B-00C04F79EFBC}") = "P02", "P02\P02.csproj", "{C45286B3-FED2-469A-BEB8-54D02C4C9D83}"
EndProject
Project("{FAE04EC0-301F-11D3-BF4B-00C04F79EFBC}") = "P03", "P03\P03.csproj", "{1F64C0AF-2E06-44DB-955D-9FD5D142CC5D}"
EndProject
Project("{FAE04EC0-301F-11D3-BF4B-00C04F79EFBC}") = "P06", "P06\P06.csproj", "{D6C7890A-3BB0-4A8D-B233-DB1A48F51DF2}"
EndProject
Project("{FAE04EC0-301F-11D3-BF4B-00C04F79EFBC}") = "P07", "P07\P07.csproj", "{2B5A0081-1354-4289-AC01-F2B5C8D74345}"
EndProject
Project("{FAE04EC0-301F-11D3-BF4B-00C04F79EFBC}") = "P09", "P09\P09.csproj", "{7C28578B-918D-45E7-92D0-E53E81C8D7FE}"
EndProject
Project("{FAE04EC0-301F-11D3-BF4B-00C04F79EFBC}") = "P11", "P11\P11.csproj", "{9BDE9E26-E515-4797-B936-FF4D48470358}"
EndProject
Project("{FAE04EC0-301F-11D3-BF4B-00C04F79EFBC}") = "P04", "P04\P04.csproj", "{3AC21237-BDB1-48A0-9DD3-5B2B03F35519}"
EndProject
Project("{FAE04EC0-301F-11D3-BF4B-00C04F79EFBC}") = "P05", "P05\P05.csproj", "{17D85619-1D7E-4994-A9D1-F4186272B42F}"
EndProject
Project("{FAE04EC0-301F-11D3-BF4B-00C04F79EFBC}") = "P08", "P08\P08.csproj", "{0B12CDC7-8DE0-42AC-83EB-3F8024A44792}"
EndProject
Global
	GlobalSection(SolutionConfigurationPlatforms) = preSolution
		Debug|Any CPU = Debug|Any CPU
		Release|Any CPU = Release|Any CPU
	EndGlobalSection
	GlobalSection(ProjectConfigurationPlatforms) = postSolution
		{5129CEBC-B2D9-4038-BC54-92934D2A57A8}.Debug|Any CPU.ActiveCfg = Debug|Any CPU
		{5129CEBC-B2D9-4038-BC54-92934D2A57A8}.Debug|Any CPU.Build.0 = Debug|Any CPU
		{5129CEBC-B2D9-4038-BC54-92934D2A57A8}.Release|Any CPU.ActiveCfg = Release|Any CPU
		{5129CEBC-B2D9-4038-BC54-92934D2A57A8}.Release|Any CPU.Build.0 = Release|Any CPU
		{C45286B3-FED2-469A-BEB8-54D02C4C9D83}.Debug|Any CPU.ActiveCfg = Debug|Any CPU
		{C45286B3-FED2-469A-BEB8-54D02C4C9D83}.Debug|Any CPU.Build.0 = Debug|Any CPU
		{C45286B3-FED2-469A-BEB8-54D02C4C9D83}.Release|Any CPU.ActiveCfg = Release|Any CPU
		{C45286B3-FED2-469A-BEB8-54D02C4C9D83}.Release|Any CPU.Build.0 = Release|Any CPU
		{1F64C0AF-2E06-44DB-955D-9FD5D142CC5D}.Debug|Any CPU.ActiveCfg = Debug|Any CPU
		{1F64C0AF-2E06-44DB-955D-9FD5D142CC5D}.Debug|Any CPU.Build.0 = Debug|Any CPU
		{1F64C0AF-2E06-44DB-955D-9FD5D142CC5D}.Release|Any CPU.ActiveCfg = Release|Any CPU
		{1F64C0AF-2E06-44DB-955D-9FD5D142CC5D}.Release|Any CPU.Build.0 = Release|Any CPU
		{D6C7890A-3BB0-4A8D-B233-DB1A48F51DF2}.Debug|Any CPU.ActiveCfg = Debug|Any CPU
		{D6C7890A-3BB0-4A8D-B233-DB1A48F51DF2}.Debug|Any CPU.Build.0 = Debug|Any CPU
		{D6C7890A-3BB0-4A8D-B233-DB1A48F51DF2}.Release|Any CPU.ActiveCfg = Release|Any CPU
		{D6C7890A-3BB0-4A8D-B233-DB1A48F51DF2}.Release|Any CPU.Build.0 = Release|Any CPU
		{2B5A0081-1354-4289-AC01-F2B5C8D74345}.Debug|Any CPU.ActiveCfg = Debug|Any CPU
		{2B5A0081-1354-4289-AC01-F2B5C8D74345}.Debug|Any CPU.Build.0 = Debug|Any CPU
		{2B5A0081-1354-4289-AC01-F2B5C8D74345}.Release|Any CPU.ActiveCfg = Release|Any CPU
		{2B5A0081-1354-4289-AC01-F2B5C8D74345}.Release|Any CPU.Build.0 = Release|Any CPU
		{7C28578B-918D-45E7-92D0-E53E81C8D7FE}.Debug|Any CPU.ActiveCfg = Debug|Any CPU
		{7C28578B-918D-45E7-92D0-E53E81C8D7FE}.Debug|Any CPU.Build.0 = Debug|Any CPU
		{7C28578B-918D-45E7-92D0-E53E81C8D7FE}.Release|Any CPU.ActiveCfg = Release|Any CPU
		{7C28578B-918D-45E7-92D0-E53E81C8D7FE}.Release|Any CPU.Build.0 = Release|Any CPU
		{9BDE9E26-E515-4797-B936-FF4D48470358}.Debug|Any CPU.ActiveCfg = Debug|Any CPU
		{9BDE9E26-E515-4797-B936-FF4D48470358}.Debug|Any CPU.Build.0 = Debug|Any CPU
		{9BDE9E26-E515-4797-B936-FF4D48470358}.Release|Any CPU.ActiveCfg = Release|Any CPU
		{9BDE9E26-E515-4797-B936-FF4D48470358}.Release|Any CPU.Build.0 = Release|Any CPU
		{3AC21237-BDB1-48A0-9DD3-5B2B03F35519}.Debug|Any CPU.ActiveCfg = Debug|Any CPU
		{3AC21237-BDB1-48A0-9DD3-5B2B03F35519}.Debug|Any CPU.Build.0 = Debug|Any CPU
		{3AC21237-BDB1-48A0-9DD3-5B2B03F35519}.Release|Any CPU.ActiveCfg = Release|Any CPU
		{3AC21237-BDB1-48A0-9DD3-5B2B03F35519}.Release|Any CPU.Build.0 = Release|Any CPU
		{17D85619-1D7E-4994-A9D1-F4186272B42F}.Debug|Any CPU.ActiveCfg = Debug|Any CPU
		{17D85619-1D7E-4994-A9D1-F4186272B42F}.Debug|Any CPU.Build.0 = Debug|Any CPU
		{17D85619-1D7E-4994-A9D1-F4186272B42F}.Release|Any CPU.ActiveCfg = Release|Any CPU
		{17D85619-1D7E-4994-A9D1-F4186272B42F}.Release|Any CPU.Build.0 = Release|Any CPU
		{0B12CDC7-8DE0-42AC-83EB-3F8024A44792}.Debug|Any CPU.ActiveCfg = Debug|Any CPU
		{0B12CDC7-8DE0-42AC-83EB-3F8024A44792}.Debug|Any CPU.Build.0 = Debug|Any CPU
		{0B12CDC7-8DE0-42AC-83EB-3F8024A44792}.Release|Any CPU.ActiveCfg = Release|Any CPU
		{0B12CDC7-8DE0-42AC-83EB-3F8024A44792}.Release|Any CPU.Build.0 = Release|Any CPU
	EndGlobalSection
	GlobalSection(SolutionProperties) = preSolution
		HideSolutionNode = FALSE
	EndGlobalSection
	GlobalSection(ExtensibilityGlobals) = postSolution
		SolutionGuid = {FF93DBC5-6762-43E5-B00A-D2F1FC78635F}
	EndGlobalSection
EndGlobal
