
Microsoft Visual Studio Solution File, Format Version 12.00
# Visual Studio Version 16
VisualStudioVersion = 25.0.1706.6
MinimumVisualStudioVersion = 10.0.40219.1
Project("{FAE04EC0-301F-11D3-BF4B-00C04F79EFBC}") = "P01", "P01\P01.csproj", "{4A2DEB0B-7DB0-419E-A8D1-4C239414547A}"
EndProject
Project("{FAE04EC0-301F-11D3-BF4B-00C04F79EFBC}") = "P02", "P02\P02.csproj", "{C485ACE1-39C0-4067-83E0-DE93563F92E4}"
EndProject
Project("{FAE04EC0-301F-11D3-BF4B-00C04F79EFBC}") = "P03", "P03\P03.csproj", "{9D66E837-6E95-48DD-8DF6-3656E89163A7}"
EndProject
Project("{FAE04EC0-301F-11D3-BF4B-00C04F79EFBC}") = "P04", "P04\P04.csproj", "{6B5D4052-E264-4C02-B135-3617ACF1DFCA}"
EndProject
Project("{FAE04EC0-301F-11D3-BF4B-00C04F79EFBC}") = "P05", "P05\P05.csproj", "{19111002-BDE5-4A72-A49B-C7A6483FA553}"
EndProject
Project("{FAE04EC0-301F-11D3-BF4B-00C04F79EFBC}") = "P06", "P06\P06.csproj", "{4E50A25F-5631-4E8C-87B2-2B3B28740A9C}"
EndProject
Project("{FAE04EC0-301F-11D3-BF4B-00C04F79EFBC}") = "P07", "P07\P07.csproj", "{64A98B5D-A8E5-4837-917B-0103CC61CA34}"
EndProject
Project("{FAE04EC0-301F-11D3-BF4B-00C04F79EFBC}") = "P08", "P08\P08.csproj", "{364E813F-E6E3-4050-A2B5-1EAA74FB56AC}"
EndProject
Project("{FAE04EC0-301F-11D3-BF4B-00C04F79EFBC}") = "P09", "P09\P09.csproj", "{71C61908-F0E3-40CD-8AB1-EAAD6B68F5C2}"
EndProject
Project("{FAE04EC0-301F-11D3-BF4B-00C04F79EFBC}") = "P10", "P10\P10.csproj", "{EBEE0A4A-25D9-45FC-9ABE-21438429AB47}"
EndProject
Project("{FAE04EC0-301F-11D3-BF4B-00C04F79EFBC}") = "P11", "P11\P11.csproj", "{3CA8D327-F203-4478-8650-CEC72B96FA66}"
EndProject
Global
	GlobalSection(SolutionConfigurationPlatforms) = preSolution
		Debug|Any CPU = Debug|Any CPU
		Release|Any CPU = Release|Any CPU
	EndGlobalSection
	GlobalSection(ProjectConfigurationPlatforms) = postSolution
		{4A2DEB0B-7DB0-419E-A8D1-4C239414547A}.Debug|Any CPU.ActiveCfg = Debug|Any CPU
		{4A2DEB0B-7DB0-419E-A8D1-4C239414547A}.Debug|Any CPU.Build.0 = Debug|Any CPU
		{4A2DEB0B-7DB0-419E-A8D1-4C239414547A}.Release|Any CPU.ActiveCfg = Release|Any CPU
		{4A2DEB0B-7DB0-419E-A8D1-4C239414547A}.Release|Any CPU.Build.0 = Release|Any CPU
		{C485ACE1-39C0-4067-83E0-DE93563F92E4}.Debug|Any CPU.ActiveCfg = Debug|Any CPU
		{C485ACE1-39C0-4067-83E0-DE93563F92E4}.Debug|Any CPU.Build.0 = Debug|Any CPU
		{C485ACE1-39C0-4067-83E0-DE93563F92E4}.Release|Any CPU.ActiveCfg = Release|Any CPU
		{C485ACE1-39C0-4067-83E0-DE93563F92E4}.Release|Any CPU.Build.0 = Release|Any CPU
		{9D66E837-6E95-48DD-8DF6-3656E89163A7}.Debug|Any CPU.ActiveCfg = Debug|Any CPU
		{9D66E837-6E95-48DD-8DF6-3656E89163A7}.Debug|Any CPU.Build.0 = Debug|Any CPU
		{9D66E837-6E95-48DD-8DF6-3656E89163A7}.Release|Any CPU.ActiveCfg = Release|Any CPU
		{9D66E837-6E95-48DD-8DF6-3656E89163A7}.Release|Any CPU.Build.0 = Release|Any CPU
		{6B5D4052-E264-4C02-B135-3617ACF1DFCA}.Debug|Any CPU.ActiveCfg = Debug|Any CPU
		{6B5D4052-E264-4C02-B135-3617ACF1DFCA}.Debug|Any CPU.Build.0 = Debug|Any CPU
		{6B5D4052-E264-4C02-B135-3617ACF1DFCA}.Release|Any CPU.ActiveCfg = Release|Any CPU
		{6B5D4052-E264-4C02-B135-3617ACF1DFCA}.Release|Any CPU.Build.0 = Release|Any CPU
		{19111002-BDE5-4A72-A49B-C7A6483FA553}.Debug|Any CPU.ActiveCfg = Debug|Any CPU
		{19111002-BDE5-4A72-A49B-C7A6483FA553}.Debug|Any CPU.Build.0 = Debug|Any CPU
		{19111002-BDE5-4A72-A49B-C7A6483FA553}.Release|Any CPU.ActiveCfg = Release|Any CPU
		{19111002-BDE5-4A72-A49B-C7A6483FA553}.Release|Any CPU.Build.0 = Release|Any CPU
		{4E50A25F-5631-4E8C-87B2-2B3B28740A9C}.Debug|Any CPU.ActiveCfg = Debug|Any CPU
		{4E50A25F-5631-4E8C-87B2-2B3B28740A9C}.Debug|Any CPU.Build.0 = Debug|Any CPU
		{4E50A25F-5631-4E8C-87B2-2B3B28740A9C}.Release|Any CPU.ActiveCfg = Release|Any CPU
		{4E50A25F-5631-4E8C-87B2-2B3B28740A9C}.Release|Any CPU.Build.0 = Release|Any CPU
		{64A98B5D-A8E5-4837-917B-0103CC61CA34}.Debug|Any CPU.ActiveCfg = Debug|Any CPU
		{64A98B5D-A8E5-4837-917B-0103CC61CA34}.Debug|Any CPU.Build.0 = Debug|Any CPU
		{64A98B5D-A8E5-4837-917B-0103CC61CA34}.Release|Any CPU.ActiveCfg = Release|Any CPU
		{64A98B5D-A8E5-4837-917B-0103CC61CA34}.Release|Any CPU.Build.0 = Release|Any CPU
		{364E813F-E6E3-4050-A2B5-1EAA74FB56AC}.Debug|Any CPU.ActiveCfg = Debug|Any CPU
		{364E813F-E6E3-4050-A2B5-1EAA74FB56AC}.Debug|Any CPU.Build.0 = Debug|Any CPU
		{364E813F-E6E3-4050-A2B5-1EAA74FB56AC}.Release|Any CPU.ActiveCfg = Release|Any CPU
		{364E813F-E6E3-4050-A2B5-1EAA74FB56AC}.Release|Any CPU.Build.0 = Release|Any CPU
		{71C61908-F0E3-40CD-8AB1-EAAD6B68F5C2}.Debug|Any CPU.ActiveCfg = Debug|Any CPU
		{71C61908-F0E3-40CD-8AB1-EAAD6B68F5C2}.Debug|Any CPU.Build.0 = Debug|Any CPU
		{71C61908-F0E3-40CD-8AB1-EAAD6B68F5C2}.Release|Any CPU.ActiveCfg = Release|Any CPU
		{71C61908-F0E3-40CD-8AB1-EAAD6B68F5C2}.Release|Any CPU.Build.0 = Release|Any CPU
		{EBEE0A4A-25D9-45FC-9ABE-21438429AB47}.Debug|Any CPU.ActiveCfg = Debug|Any CPU
		{EBEE0A4A-25D9-45FC-9ABE-21438429AB47}.Debug|Any CPU.Build.0 = Debug|Any CPU
		{EBEE0A4A-25D9-45FC-9ABE-21438429AB47}.Release|Any CPU.ActiveCfg = Release|Any CPU
		{EBEE0A4A-25D9-45FC-9ABE-21438429AB47}.Release|Any CPU.Build.0 = Release|Any CPU
		{3CA8D327-F203-4478-8650-CEC72B96FA66}.Debug|Any CPU.ActiveCfg = Debug|Any CPU
		{3CA8D327-F203-4478-8650-CEC72B96FA66}.Debug|Any CPU.Build.0 = Debug|Any CPU
		{3CA8D327-F203-4478-8650-CEC72B96FA66}.Release|Any CPU.ActiveCfg = Release|Any CPU
		{3CA8D327-F203-4478-8650-CEC72B96FA66}.Release|Any CPU.Build.0 = Release|Any CPU
	EndGlobalSection
	GlobalSection(SolutionProperties) = preSolution
		HideSolutionNode = FALSE
	EndGlobalSection
	GlobalSection(ExtensibilityGlobals) = postSolution
		SolutionGuid = {71882DE9-C7C8-4018-96D0-413F222CD4DA}
	EndGlobalSection
EndGlobal
