
Microsoft Visual Studio Solution File, Format Version 12.00
# Visual Studio Version 16
VisualStudioVersion = 25.0.1706.8
MinimumVisualStudioVersion = 10.0.40219.1
Project("{FAE04EC0-301F-11D3-BF4B-00C04F79EFBC}") = "01.Farm", "01.Farm\01.Farm.csproj", "{9066F5FD-76A9-49BC-9743-77D823A7FE53}"
EndProject
Project("{FAE04EC0-301F-11D3-BF4B-00C04F79EFBC}") = "02.CustomRandomList", "CustomRandomList\02.CustomRandomList.csproj", "{7D5F8E5B-DF5D-4BE3-A853-4FEDD78E6FF9}"
EndProject
Project("{FAE04EC0-301F-11D3-BF4B-00C04F79EFBC}") = "03.CustomStack", "03.CustomStack\03.CustomStack.csproj", "{3A5E7FE0-C7FB-45ED-99C2-0CC534E4A15F}"
EndProject
Global
	GlobalSection(SolutionConfigurationPlatforms) = preSolution
		Debug|Any CPU = Debug|Any CPU
		Release|Any CPU = Release|Any CPU
	EndGlobalSection
	GlobalSection(ProjectConfigurationPlatforms) = postSolution
		{9066F5FD-76A9-49BC-9743-77D823A7FE53}.Debug|Any CPU.ActiveCfg = Debug|Any CPU
		{9066F5FD-76A9-49BC-9743-77D823A7FE53}.Debug|Any CPU.Build.0 = Debug|Any CPU
		{9066F5FD-76A9-49BC-9743-77D823A7FE53}.Release|Any CPU.ActiveCfg = Release|Any CPU
		{9066F5FD-76A9-49BC-9743-77D823A7FE53}.Release|Any CPU.Build.0 = Release|Any CPU
		{7D5F8E5B-DF5D-4BE3-A853-4FEDD78E6FF9}.Debug|Any CPU.ActiveCfg = Debug|Any CPU
		{7D5F8E5B-DF5D-4BE3-A853-4FEDD78E6FF9}.Debug|Any CPU.Build.0 = Debug|Any CPU
		{7D5F8E5B-DF5D-4BE3-A853-4FEDD78E6FF9}.Release|Any CPU.ActiveCfg = Release|Any CPU
		{7D5F8E5B-DF5D-4BE3-A853-4FEDD78E6FF9}.Release|Any CPU.Build.0 = Release|Any CPU
		{3A5E7FE0-C7FB-45ED-99C2-0CC534E4A15F}.Debug|Any CPU.ActiveCfg = Debug|Any CPU
		{3A5E7FE0-C7FB-45ED-99C2-0CC534E4A15F}.Debug|Any CPU.Build.0 = Debug|Any CPU
		{3A5E7FE0-C7FB-45ED-99C2-0CC534E4A15F}.Release|Any CPU.ActiveCfg = Release|Any CPU
		{3A5E7FE0-C7FB-45ED-99C2-0CC534E4A15F}.Release|Any CPU.Build.0 = Release|Any CPU
	EndGlobalSection
	GlobalSection(SolutionProperties) = preSolution
		HideSolutionNode = FALSE
	EndGlobalSection
	GlobalSection(ExtensibilityGlobals) = postSolution
		SolutionGuid = {52B6CCE7-2AD0-43CF-A5C7-AABD5C6A0B9D}
	EndGlobalSection
EndGlobal
